
Microsoft Visual Studio Solution File, Format Version 12.00
# Visual Studio Version 16
VisualStudioVersion = 16.0.30204.135
MinimumVisualStudioVersion = 10.0.40219.1
Project("{FAE04EC0-301F-11D3-BF4B-00C04F79EFBC}") = "POO3D21910", "POO3D21910\POO3D21910.csproj", "{BF54D272-764F-4E60-A937-F9F8E7D3DEE2}"
EndProject
Global
	GlobalSection(SolutionConfigurationPlatforms) = preSolution
		Debug|Any CPU = Debug|Any CPU
		Release|Any CPU = Release|Any CPU
	EndGlobalSection
	GlobalSection(ProjectConfigurationPlatforms) = postSolution
		{BF54D272-764F-4E60-A937-F9F8E7D3DEE2}.Debug|Any CPU.ActiveCfg = Debug|Any CPU
		{BF54D272-764F-4E60-A937-F9F8E7D3DEE2}.Debug|Any CPU.Build.0 = Debug|Any CPU
		{BF54D272-764F-4E60-A937-F9F8E7D3DEE2}.Release|Any CPU.ActiveCfg = Release|Any CPU
		{BF54D272-764F-4E60-A937-F9F8E7D3DEE2}.Release|Any CPU.Build.0 = Release|Any CPU
	EndGlobalSection
	GlobalSection(SolutionProperties) = preSolution
		HideSolutionNode = FALSE
	EndGlobalSection
	GlobalSection(ExtensibilityGlobals) = postSolution
		SolutionGuid = {4F0CA47E-BA0A-449A-B366-A92013BC32CD}
	EndGlobalSection
EndGlobal
